<?xml version="1.0" encoding="utf-8"?>
<Project ToolsVersion="4.0" xmlns="http://schemas.microsoft.com/developer/msbuild/2003">
  <ItemGroup>
    <Filter Include="Archivos de origen">
      <UniqueIdentifier>{4FC737F1-C7A5-4376-A066-2A32D752A2FF}</UniqueIdentifier>
      <Extensions>cpp;c;cc;cxx;c++;cppm;ixx;def;odl;idl;hpj;bat;asm;asmx</Extensions>
    </Filter>
    <Filter Include="Archivos de encabezado">
      <UniqueIdentifier>{93995380-89BD-4b04-88EB-625FBE52EBFB}</UniqueIdentifier>
      <Extensions>h;hh;hpp;hxx;h++;hm;inl;inc;ipp;xsd</Extensions>
    </Filter>
    <Filter Include="Archivos de recursos">
      <UniqueIdentifier>{67DA6AB6-F800-4c08-8B7A-83BB121AAD01}</UniqueIdentifier>
      <Extensions>rc;ico;cur;bmp;dlg;rc2;rct;bin;rgs;gif;jpg;jpeg;jpe;resx;tiff;tif;png;wav;mfcribbon-ms</Extensions>
    </Filter>
  </ItemGroup>
  <ItemGroup>
    <ClCompile Include="AdminForm.cpp">
      <Filter>Archivos de origen</Filter>
    </ClCompile>
    <ClCompile Include="AgregarEmpleado.cpp">
      <Filter>Archivos de origen</Filter>
    </ClCompile>
    <ClCompile Include="BuscarComponente.cpp">
      <Filter>Archivos de origen</Filter>
    </ClCompile>
    <ClCompile Include="Chat.cpp">
      <Filter>Archivos de origen</Filter>
    </ClCompile>
    <ClCompile Include="CompraStockForm.cpp">
      <Filter>Archivos de origen</Filter>
    </ClCompile>
    <ClCompile Include="ConfirmarsSalida.cpp">
      <Filter>Archivos de origen</Filter>
    </ClCompile>
    <ClCompile Include="DC.cpp">
      <Filter>Archivos de origen</Filter>
    </ClCompile>
    <ClCompile Include="EmployeeForm.cpp">
      <Filter>Archivos de origen</Filter>
    </ClCompile>
    <ClCompile Include="Faja mediana.cpp">
      <Filter>Archivos de origen</Filter>
    </ClCompile>
    <ClCompile Include="Fajadelgada.cpp">
      <Filter>Archivos de origen</Filter>
    </ClCompile>
    <ClCompile Include="fajagrande.cpp">
      <Filter>Archivos de origen</Filter>
    </ClCompile>
    <ClCompile Include="fajamediana.cpp">
      <Filter>Archivos de origen</Filter>
    </ClCompile>
    <ClCompile Include="GenerateOrder.cpp">
      <Filter>Archivos de origen</Filter>
    </ClCompile>
    <ClCompile Include="InterfazCliente.cpp">
      <Filter>Archivos de origen</Filter>
    </ClCompile>
    <ClCompile Include="Login.cpp">
      <Filter>Archivos de origen</Filter>
    </ClCompile>
    <ClCompile Include="MecaTrafiSystemMainForm.cpp">
      <Filter>Archivos de origen</Filter>
    </ClCompile>
    <ClCompile Include="Monofásico.cpp">
      <Filter>Archivos de origen</Filter>
    </ClCompile>
    <ClCompile Include="Poleaconpiñon.cpp">
      <Filter>Archivos de origen</Filter>
    </ClCompile>
    <ClCompile Include="Poleasinpiñon.cpp">
      <Filter>Archivos de origen</Filter>
    </ClCompile>
    <ClCompile Include="Reclamar.cpp">
      <Filter>Archivos de origen</Filter>
    </ClCompile>
    <ClCompile Include="Reportes.cpp">
      <Filter>Archivos de origen</Filter>
    </ClCompile>
    <ClCompile Include="rodaguja.cpp">
      <Filter>Archivos de origen</Filter>
    </ClCompile>
    <ClCompile Include="rodbolas.cpp">
      <Filter>Archivos de origen</Filter>
    </ClCompile>
    <ClCompile Include="rodrodillos.cpp">
      <Filter>Archivos de origen</Filter>
    </ClCompile>
    <ClCompile Include="Salario.cpp">
      <Filter>Archivos de origen</Filter>
    </ClCompile>
    <ClCompile Include="StockForm.cpp">
      <Filter>Archivos de origen</Filter>
    </ClCompile>
    <ClCompile Include="TornilloAllen.cpp">
      <Filter>Archivos de origen</Filter>
    </ClCompile>
    <ClCompile Include="Tornillohexagonal.cpp">
      <Filter>Archivos de origen</Filter>
    </ClCompile>
    <ClCompile Include="Tornillophillips.cpp">
      <Filter>Archivos de origen</Filter>
    </ClCompile>
    <ClCompile Include="TornilloProduct.cpp">
      <Filter>Archivos de origen</Filter>
    </ClCompile>
    <ClCompile Include="Trifásico.cpp">
      <Filter>Archivos de origen</Filter>
    </ClCompile>
    <ClCompile Include="usuario.cpp">
      <Filter>Archivos de origen</Filter>
    </ClCompile>
    <ClCompile Include="UsuarioInvalido.cpp">
      <Filter>Archivos de origen</Filter>
    </ClCompile>
    <ClCompile Include="ventafajas.cpp">
      <Filter>Archivos de origen</Filter>
    </ClCompile>
    <ClCompile Include="VentaMotores.cpp">
      <Filter>Archivos de origen</Filter>
    </ClCompile>
    <ClCompile Include="ventapolea.cpp">
      <Filter>Archivos de origen</Filter>
    </ClCompile>
    <ClCompile Include="ventaroda.cpp">
      <Filter>Archivos de origen</Filter>
    </ClCompile>
    <ClCompile Include="ventatornillos.cpp">
      <Filter>Archivos de origen</Filter>
    </ClCompile>
    <ClCompile Include="VerMotores.cpp">
      <Filter>Archivos de origen</Filter>
    </ClCompile>
  </ItemGroup>
  <ItemGroup>
    <ClInclude Include="AdminForm.h">
      <Filter>Archivos de encabezado</Filter>
    </ClInclude>
    <ClInclude Include="AgregarEmpleado.h">
      <Filter>Archivos de encabezado</Filter>
    </ClInclude>
    <ClInclude Include="BuscarComponente.h">
      <Filter>Archivos de encabezado</Filter>
    </ClInclude>
    <ClInclude Include="Chat.h">
      <Filter>Archivos de encabezado</Filter>
    </ClInclude>
    <ClInclude Include="CompraStockForm.h">
      <Filter>Archivos de encabezado</Filter>
    </ClInclude>
    <ClInclude Include="ConfirmarsSalida.h">
      <Filter>Archivos de encabezado</Filter>
    </ClInclude>
    <ClInclude Include="DC.h">
      <Filter>Archivos de encabezado</Filter>
    </ClInclude>
    <ClInclude Include="EmployeeForm.h">
      <Filter>Archivos de encabezado</Filter>
    </ClInclude>
    <ClInclude Include="Faja mediana.h">
      <Filter>Archivos de encabezado</Filter>
    </ClInclude>
    <ClInclude Include="Fajadelgada.h">
      <Filter>Archivos de encabezado</Filter>
    </ClInclude>
    <ClInclude Include="fajagrande.h">
      <Filter>Archivos de encabezado</Filter>
    </ClInclude>
    <ClInclude Include="fajamediana.h">
      <Filter>Archivos de encabezado</Filter>
    </ClInclude>
    <ClInclude Include="GenerateOrder.h">
      <Filter>Archivos de encabezado</Filter>
    </ClInclude>
    <ClInclude Include="InterfazCliente.h">
      <Filter>Archivos de encabezado</Filter>
    </ClInclude>
    <ClInclude Include="Login.h">
      <Filter>Archivos de encabezado</Filter>
    </ClInclude>
    <ClInclude Include="Monofásico.h">
      <Filter>Archivos de encabezado</Filter>
    </ClInclude>
    <ClInclude Include="Poleaconpiñon.h">
      <Filter>Archivos de encabezado</Filter>
    </ClInclude>
    <ClInclude Include="Poleasinpiñon.h">
      <Filter>Archivos de encabezado</Filter>
    </ClInclude>
    <ClInclude Include="Reclamar.h">
      <Filter>Archivos de encabezado</Filter>
    </ClInclude>
    <ClInclude Include="Reportes.h">
      <Filter>Archivos de encabezado</Filter>
    </ClInclude>
    <ClInclude Include="rodaguja.h">
      <Filter>Archivos de encabezado</Filter>
    </ClInclude>
    <ClInclude Include="rodbolas.h">
      <Filter>Archivos de encabezado</Filter>
    </ClInclude>
    <ClInclude Include="rodrodillos.h">
      <Filter>Archivos de encabezado</Filter>
    </ClInclude>
    <ClInclude Include="Salario.h">
      <Filter>Archivos de encabezado</Filter>
    </ClInclude>
    <ClInclude Include="StockForm.h">
      <Filter>Archivos de encabezado</Filter>
    </ClInclude>
    <ClInclude Include="TornilloAllen.h">
      <Filter>Archivos de encabezado</Filter>
    </ClInclude>
    <ClInclude Include="Tornillohexagonal.h">
      <Filter>Archivos de encabezado</Filter>
    </ClInclude>
    <ClInclude Include="Tornillophillips.h">
      <Filter>Archivos de encabezado</Filter>
    </ClInclude>
    <ClInclude Include="TornilloProduct.h">
      <Filter>Archivos de encabezado</Filter>
    </ClInclude>
    <ClInclude Include="Trifásico.h">
      <Filter>Archivos de encabezado</Filter>
    </ClInclude>
    <ClInclude Include="usuario.h">
      <Filter>Archivos de encabezado</Filter>
    </ClInclude>
    <ClInclude Include="UsuarioInvalido.h">
      <Filter>Archivos de encabezado</Filter>
    </ClInclude>
    <ClInclude Include="ventafajas.h">
      <Filter>Archivos de encabezado</Filter>
    </ClInclude>
    <ClInclude Include="VentaMotores.h">
      <Filter>Archivos de encabezado</Filter>
    </ClInclude>
    <ClInclude Include="ventapolea.h">
      <Filter>Archivos de encabezado</Filter>
    </ClInclude>
    <ClInclude Include="ventaroda.h">
      <Filter>Archivos de encabezado</Filter>
    </ClInclude>
    <ClInclude Include="ventatornillos.h">
      <Filter>Archivos de encabezado</Filter>
    </ClInclude>
    <ClInclude Include="VerMotores.h">
      <Filter>Archivos de encabezado</Filter>
    </ClInclude>
  </ItemGroup>
  <ItemGroup>
    <EmbeddedResource Include="AdminForm.resx">
      <Filter>Archivos de recursos</Filter>
    </EmbeddedResource>
    <EmbeddedResource Include="AgregarEmpleado.resx">
      <Filter>Archivos de recursos</Filter>
    </EmbeddedResource>
    <EmbeddedResource Include="BuscarComponente.resx">
      <Filter>Archivos de recursos</Filter>
    </EmbeddedResource>
    <EmbeddedResource Include="Chat.resx">
      <Filter>Archivos de recursos</Filter>
    </EmbeddedResource>
    <EmbeddedResource Include="CompraStockForm.resx">
      <Filter>Archivos de recursos</Filter>
    </EmbeddedResource>
    <EmbeddedResource Include="ConfirmarsSalida.resx">
      <Filter>Archivos de recursos</Filter>
    </EmbeddedResource>
    <EmbeddedResource Include="DC.resx">
      <Filter>Archivos de recursos</Filter>
    </EmbeddedResource>
    <EmbeddedResource Include="EmployeeForm.resx">
      <Filter>Archivos de recursos</Filter>
    </EmbeddedResource>
    <EmbeddedResource Include="Fajadelgada.resx">
      <Filter>Archivos de recursos</Filter>
    </EmbeddedResource>
    <EmbeddedResource Include="fajagrande.resx">
      <Filter>Archivos de recursos</Filter>
    </EmbeddedResource>
    <EmbeddedResource Include="fajamediana.resx">
      <Filter>Archivos de recursos</Filter>
    </EmbeddedResource>
    <EmbeddedResource Include="GenerateOrder.resx">
      <Filter>Archivos de recursos</Filter>
    </EmbeddedResource>
    <EmbeddedResource Include="InterfazCliente.resx">
      <Filter>Archivos de recursos</Filter>
    </EmbeddedResource>
    <EmbeddedResource Include="Login.resx">
      <Filter>Archivos de recursos</Filter>
    </EmbeddedResource>
    <EmbeddedResource Include="Monofásico.resx">
      <Filter>Archivos de recursos</Filter>
    </EmbeddedResource>
    <EmbeddedResource Include="Poleaconpiñon.resx">
      <Filter>Archivos de recursos</Filter>
    </EmbeddedResource>
    <EmbeddedResource Include="Poleasinpiñon.resx">
      <Filter>Archivos de recursos</Filter>
    </EmbeddedResource>
    <EmbeddedResource Include="Reclamar.resx">
      <Filter>Archivos de recursos</Filter>
    </EmbeddedResource>
    <EmbeddedResource Include="Reportes.resx">
      <Filter>Archivos de recursos</Filter>
    </EmbeddedResource>
    <EmbeddedResource Include="rodaguja.resx">
      <Filter>Archivos de recursos</Filter>
    </EmbeddedResource>
    <EmbeddedResource Include="rodbolas.resx">
      <Filter>Archivos de recursos</Filter>
    </EmbeddedResource>
    <EmbeddedResource Include="rodrodillos.resx">
      <Filter>Archivos de recursos</Filter>
    </EmbeddedResource>
    <EmbeddedResource Include="Salario.resx">
      <Filter>Archivos de recursos</Filter>
    </EmbeddedResource>
    <EmbeddedResource Include="StockForm.resx">
      <Filter>Archivos de recursos</Filter>
    </EmbeddedResource>
    <EmbeddedResource Include="TornilloAllen.resx">
      <Filter>Archivos de recursos</Filter>
    </EmbeddedResource>
    <EmbeddedResource Include="Tornillohexagonal.resx">
      <Filter>Archivos de recursos</Filter>
    </EmbeddedResource>
    <EmbeddedResource Include="Tornillophillips.resx">
      <Filter>Archivos de recursos</Filter>
    </EmbeddedResource>
    <EmbeddedResource Include="TornilloProduct.resx">
      <Filter>Archivos de recursos</Filter>
    </EmbeddedResource>
    <EmbeddedResource Include="Trifásico.resx">
      <Filter>Archivos de recursos</Filter>
    </EmbeddedResource>
    <EmbeddedResource Include="usuario.resx">
      <Filter>Archivos de recursos</Filter>
    </EmbeddedResource>
    <EmbeddedResource Include="UsuarioInvalido.resx">
      <Filter>Archivos de recursos</Filter>
    </EmbeddedResource>
    <EmbeddedResource Include="ventafajas.resx">
      <Filter>Archivos de recursos</Filter>
    </EmbeddedResource>
    <EmbeddedResource Include="VentaMotores.resx">
      <Filter>Archivos de recursos</Filter>
    </EmbeddedResource>
    <EmbeddedResource Include="ventapolea.resx">
      <Filter>Archivos de recursos</Filter>
    </EmbeddedResource>
    <EmbeddedResource Include="ventaroda.resx">
      <Filter>Archivos de recursos</Filter>
    </EmbeddedResource>
    <EmbeddedResource Include="ventatornillos.resx">
      <Filter>Archivos de recursos</Filter>
    </EmbeddedResource>
    <EmbeddedResource Include="VerMotores.resx">
      <Filter>Archivos de recursos</Filter>
    </EmbeddedResource>
  </ItemGroup>
</Project>